hash: 69709771404a69929ea348a2fca37d92ec9ce940ca3f5245be97642368269789
updated: 2017-09-05T00:42:30.244305002+05:30
imports:
- name: github.com/dgrijalva/jwt-go
  version: d2709f9f1f31ebcda9651b03077758c1f3a0018c
- name: github.com/gorilla/mux
  version: bcd8bc72b08df0f70df986b97f95590779502d31
- name: github.com/jinzhu/gorm
  version: 5174cc5c242a728b435ea2be8a2f7f998e15429b
testImports: []
